
Microsoft Visual Studio Solution File, Format Version 12.00
# Visual Studio Version 17
VisualStudioVersion = 17.11.35222.181
MinimumVisualStudioVersion = 10.0.40219.1
Project("{FAE04EC0-301F-11D3-BF4B-00C04F79EFBC}") = "topic 3 assignment", "topic 3 assignment\topic 3 assignment.csproj", "{03C13D52-6FED-4CED-8F58-0C57233CF8C5}"
EndProject
Global
	GlobalSection(SolutionConfigurationPlatforms) = preSolution
		Debug|Any CPU = Debug|Any CPU
		Release|Any CPU = Release|Any CPU
	EndGlobalSection
	GlobalSection(ProjectConfigurationPlatforms) = postSolution
		{03C13D52-6FED-4CED-8F58-0C57233CF8C5}.Debug|Any CPU.ActiveCfg = Debug|Any CPU
		{03C13D52-6FED-4CED-8F58-0C57233CF8C5}.Debug|Any CPU.Build.0 = Debug|Any CPU
		{03C13D52-6FED-4CED-8F58-0C57233CF8C5}.Release|Any CPU.ActiveCfg = Release|Any CPU
		{03C13D52-6FED-4CED-8F58-0C57233CF8C5}.Release|Any CPU.Build.0 = Release|Any CPU
	EndGlobalSection
	GlobalSection(SolutionProperties) = preSolution
		HideSolutionNode = FALSE
	EndGlobalSection
	GlobalSection(ExtensibilityGlobals) = postSolution
		SolutionGuid = {71D1C005-05ED-4903-BC5B-C953C6C312A8}
	EndGlobalSection
EndGlobal
